
Microsoft Visual Studio Solution File, Format Version 12.00
# Visual Studio 15
VisualStudioVersion = 15.0.27130.2010
MinimumVisualStudioVersion = 10.0.40219.1
Project("{FAE04EC0-301F-11D3-BF4B-00C04F79EFBC}") = "WebApplication1", "WebApplication1\WebApplication1.csproj", "{6EC00FA6-A67C-4DE5-8657-DB4F87588957}"
EndProject
Global
	GlobalSection(SolutionConfigurationPlatforms) = preSolution
		Debug|Any CPU = Debug|Any CPU
		Release|Any CPU = Release|Any CPU
	EndGlobalSection
	GlobalSection(ProjectConfigurationPlatforms) = postSolution
		{6EC00FA6-A67C-4DE5-8657-DB4F87588957}.Debug|Any CPU.ActiveCfg = Debug|Any CPU
		{6EC00FA6-A67C-4DE5-8657-DB4F87588957}.Debug|Any CPU.Build.0 = Debug|Any CPU
		{6EC00FA6-A67C-4DE5-8657-DB4F87588957}.Release|Any CPU.ActiveCfg = Release|Any CPU
		{6EC00FA6-A67C-4DE5-8657-DB4F87588957}.Release|Any CPU.Build.0 = Release|Any CPU
	EndGlobalSection
	GlobalSection(SolutionProperties) = preSolution
		HideSolutionNode = FALSE
	EndGlobalSection
	GlobalSection(ExtensibilityGlobals) = postSolution
		SolutionGuid = {61EDF153-4A9A-4102-AD67-514C8A72E567}
	EndGlobalSection
EndGlobal
